// !$*UTF8*$!
{
	archiveVersion = 1;
	classes = {
	};
	objectVersion = 51;
	objects = {

/* Begin PBXBuildFile section */
		148D77B0D5D54B5ECB5C8079 /* Pods_Seyahatname.framework in Frameworks */ = {isa = PBXBuildFile; fileRef = 6731FC78531AB22E8CE7DC1A /* Pods_Seyahatname.framework */; };
		18308F2A256F87A6008C6FA7 /* AppDelegate.swift in Sources */ = {isa = PBXBuildFile; fileRef = 18308F29256F87A6008C6FA7 /* AppDelegate.swift */; };
		18308F2C256F87A6008C6FA7 /* SceneDelegate.swift in Sources */ = {isa = PBXBuildFile; fileRef = 18308F2B256F87A6008C6FA7 /* SceneDelegate.swift */; };
		18308F2E256F87A6008C6FA7 /* LoginViewController.swift in Sources */ = {isa = PBXBuildFile; fileRef = 18308F2D256F87A6008C6FA7 /* LoginViewController.swift */; };
		18308F31256F87A6008C6FA7 /* Main.storyboard in Resources */ = {isa = PBXBuildFile; fileRef = 18308F2F256F87A6008C6FA7 /* Main.storyboard */; };
		18308F33256F87A6008C6FA7 /* Assets.xcassets in Resources */ = {isa = PBXBuildFile; fileRef = 18308F32256F87A6008C6FA7 /* Assets.xcassets */; };
		18308F36256F87A6008C6FA7 /* LaunchScreen.storyboard in Resources */ = {isa = PBXBuildFile; fileRef = 18308F34256F87A6008C6FA7 /* LaunchScreen.storyboard */; };
		183A4CE7257805AF0087668F /* CustomTextField.swift in Sources */ = {isa = PBXBuildFile; fileRef = 183A4CE5257805AF0087668F /* CustomTextField.swift */; };
		183A4CE8257805AF0087668F /* CustomButton.swift in Sources */ = {isa = PBXBuildFile; fileRef = 183A4CE6257805AF0087668F /* CustomButton.swift */; };
		183A4CED257808180087668F /* HomeViewController.swift in Sources */ = {isa = PBXBuildFile; fileRef = 183A4CEC257808180087668F /* HomeViewController.swift */; };
		183A4CF0257808320087668F /* UploadViewController.swift in Sources */ = {isa = PBXBuildFile; fileRef = 183A4CEF257808320087668F /* UploadViewController.swift */; };
		183A4CF32578084A0087668F /* SettingsViewController.swift in Sources */ = {isa = PBXBuildFile; fileRef = 183A4CF22578084A0087668F /* SettingsViewController.swift */; };
		1855983D256F88A600C9E793 /* GoogleService-Info.plist in Resources */ = {isa = PBXBuildFile; fileRef = 1855983C256F88A600C9E793 /* GoogleService-Info.plist */; };
		1867B65025781D0D00F91381 /* RegisterViewController.swift in Sources */ = {isa = PBXBuildFile; fileRef = 1867B64F25781D0D00F91381 /* RegisterViewController.swift */; };
/* End PBXBuildFile section */

/* Begin PBXFileReference section */
		18308F26256F87A6008C6FA7 /* Seyahatname.app */ = {isa = PBXFileReference; explicitFileType = wrapper.application; includeInIndex = 0; path = Seyahatname.app; sourceTree = BUILT_PRODUCTS_DIR; };
		18308F29256F87A6008C6FA7 /* AppDelegate.swift */ = {isa = PBXFileReference; lastKnownFileType = sourcecode.swift; path = AppDelegate.swift; sourceTree = "<group>"; };
		18308F2B256F87A6008C6FA7 /* SceneDelegate.swift */ = {isa = PBXFileReference; lastKnownFileType = sourcecode.swift; path = SceneDelegate.swift; sourceTree = "<group>"; };
		18308F2D256F87A6008C6FA7 /* LoginViewController.swift */ = {isa = PBXFileReference; lastKnownFileType = sourcecode.swift; path = LoginViewController.swift; sourceTree = "<group>"; };
		18308F30256F87A6008C6FA7 /* Base */ = {isa = PBXFileReference; lastKnownFileType = file.storyboard; name = Base; path = Base.lproj/Main.storyboard; sourceTree = "<group>"; };
		18308F32256F87A6008C6FA7 /* Assets.xcassets */ = {isa = PBXFileReference; lastKnownFileType = folder.assetcatalog; path = Assets.xcassets; sourceTree = "<group>"; };
		18308F35256F87A6008C6FA7 /* Base */ = {isa = PBXFileReference; lastKnownFileType = file.storyboard; name = Base; path = Base.lproj/LaunchScreen.storyboard; sourceTree = "<group>"; };
		18308F37256F87A6008C6FA7 /* Info.plist */ = {isa = PBXFileReference; lastKnownFileType = text.plist.xml; path = Info.plist; sourceTree = "<group>"; };
		183A4CE5257805AF0087668F /* CustomTextField.swift */ = {isa = PBXFileReference; fileEncoding = 4; lastKnownFileType = sourcecode.swift; path = CustomTextField.swift; sourceTree = "<group>"; };
		183A4CE6257805AF0087668F /* CustomButton.swift */ = {isa = PBXFileReference; fileEncoding = 4; lastKnownFileType = sourcecode.swift; path = CustomButton.swift; sourceTree = "<group>"; };
		183A4CEC257808180087668F /* HomeViewController.swift */ = {isa = PBXFileReference; lastKnownFileType = sourcecode.swift; path = HomeViewController.swift; sourceTree = "<group>"; };
		183A4CEF257808320087668F /* UploadViewController.swift */ = {isa = PBXFileReference; lastKnownFileType = sourcecode.swift; path = UploadViewController.swift; sourceTree = "<group>"; };
		183A4CF22578084A0087668F /* SettingsViewController.swift */ = {isa = PBXFileReference; lastKnownFileType = sourcecode.swift; path = SettingsViewController.swift; sourceTree = "<group>"; };
		1855983C256F88A600C9E793 /* GoogleService-Info.plist */ = {isa = PBXFileReference; fileEncoding = 4; lastKnownFileType = text.plist.xml; path = "GoogleService-Info.plist"; sourceTree = "<group>"; };
		1867B64F25781D0D00F91381 /* RegisterViewController.swift */ = {isa = PBXFileReference; lastKnownFileType = sourcecode.swift; path = RegisterViewController.swift; sourceTree = "<group>"; };
		6731FC78531AB22E8CE7DC1A /* Pods_Seyahatname.framework */ = {isa = PBXFileReference; explicitFileType = wrapper.framework; includeInIndex = 0; path = Pods_Seyahatname.framework; sourceTree = BUILT_PRODUCTS_DIR; };
		74019897E8182E529FBC1515 /* Pods-Seyahatname.debug.xcconfig */ = {isa = PBXFileReference; includeInIndex = 1; lastKnownFileType = text.xcconfig; name = "Pods-Seyahatname.debug.xcconfig"; path = "Target Support Files/Pods-Seyahatname/Pods-Seyahatname.debug.xcconfig"; sourceTree = "<group>"; };
		D18CC328C86B778171F0C357 /* Pods-Seyahatname.release.xcconfig */ = {isa = PBXFileReference; includeInIndex = 1; lastKnownFileType = text.xcconfig; name = "Pods-Seyahatname.release.xcconfig"; path = "Target Support Files/Pods-Seyahatname/Pods-Seyahatname.release.xcconfig"; sourceTree = "<group>"; };
/* End PBXFileReference section */

/* Begin PBXFrameworksBuildPhase section */
		18308F23256F87A6008C6FA7 /* Frameworks */ = {
			isa = PBXFrameworksBuildPhase;
			buildActionMask = 2147483647;
			files = (
				148D77B0D5D54B5ECB5C8079 /* Pods_Seyahatname.framework in Frameworks */,
			);
			runOnlyForDeploymentPostprocessing = 0;
		};
/* End PBXFrameworksBuildPhase section */

/* Begin PBXGroup section */
		18308F1D256F87A6008C6FA7 = {
			isa = PBXGroup;
			children = (
				18308F28256F87A6008C6FA7 /* Seyahatname */,
				18308F27256F87A6008C6FA7 /* Products */,
				E3AD3DE9EF4567830E09143D /* Pods */,
				B2F3177CFE1F7031ED2CC099 /* Frameworks */,
			);
			sourceTree = "<group>";
		};
		18308F27256F87A6008C6FA7 /* Products */ = {
			isa = PBXGroup;
			children = (
				18308F26256F87A6008C6FA7 /* Seyahatname.app */,
			);
			name = Products;
			sourceTree = "<group>";
		};
		18308F28256F87A6008C6FA7 /* Seyahatname */ = {
			isa = PBXGroup;
			children = (
				183A4CDA2573D1B40087668F /* UI */,
				18308F29256F87A6008C6FA7 /* AppDelegate.swift */,
				18308F2B256F87A6008C6FA7 /* SceneDelegate.swift */,
				183A4CEA257807AF0087668F /* Storyboards */,
				18308F2F256F87A6008C6FA7 /* Main.storyboard */,
				18308F32256F87A6008C6FA7 /* Assets.xcassets */,
				18308F34256F87A6008C6FA7 /* LaunchScreen.storyboard */,
				18308F37256F87A6008C6FA7 /* Info.plist */,
				1855983C256F88A600C9E793 /* GoogleService-Info.plist */,
			);
			path = Seyahatname;
			sourceTree = "<group>";
		};
		183A4CDA2573D1B40087668F /* UI */ = {
			isa = PBXGroup;
			children = (
				183A4CE6257805AF0087668F /* CustomButton.swift */,
				183A4CE5257805AF0087668F /* CustomTextField.swift */,
			);
			path = UI;
			sourceTree = "<group>";
		};
		183A4CEA257807AF0087668F /* Storyboards */ = {
			isa = PBXGroup;
			children = (
				18308F2D256F87A6008C6FA7 /* LoginViewController.swift */,
				183A4CEC257808180087668F /* HomeViewController.swift */,
				183A4CEF257808320087668F /* UploadViewController.swift */,
				183A4CF22578084A0087668F /* SettingsViewController.swift */,
				1867B64F25781D0D00F91381 /* RegisterViewController.swift */,
			);
			path = Storyboards;
			sourceTree = "<group>";
		};
		B2F3177CFE1F7031ED2CC099 /* Frameworks */ = {
			isa = PBXGroup;
			children = (
				6731FC78531AB22E8CE7DC1A /* Pods_Seyahatname.framework */,
			);
			name = Frameworks;
			sourceTree = "<group>";
		};
		E3AD3DE9EF4567830E09143D /* Pods */ = {
			isa = PBXGroup;
			children = (
				74019897E8182E529FBC1515 /* Pods-Seyahatname.debug.xcconfig */,
				D18CC328C86B778171F0C357 /* Pods-Seyahatname.release.xcconfig */,
			);
			path = Pods;
			sourceTree = "<group>";
		};
/* End PBXGroup section */

/* Begin PBXNativeTarget section */
		18308F25256F87A6008C6FA7 /* Seyahatname */ = {
			isa = PBXNativeTarget;
			buildConfigurationList = 18308F3A256F87A6008C6FA7 /* Build configuration list for PBXNativeTarget "Seyahatname" */;
			buildPhases = (
				98557D746A4C239B271821D5 /* [CP] Check Pods Manifest.lock */,
				18308F22256F87A6008C6FA7 /* Sources */,
				18308F23256F87A6008C6FA7 /* Frameworks */,
				18308F24256F87A6008C6FA7 /* Resources */,
				A3F34691304CC2FF395A53C7 /* [CP] Embed Pods Frameworks */,
			);
			buildRules = (
			);
			dependencies = (
			);
			name = Seyahatname;
			productName = Seyahatname;
			productReference = 18308F26256F87A6008C6FA7 /* Seyahatname.app */;
			productType = "com.apple.product-type.application";
		};
/* End PBXNativeTarget section */

/* Begin PBXProject section */
		18308F1E256F87A6008C6FA7 /* Project object */ = {
			isa = PBXProject;
			attributes = {
				LastSwiftUpdateCheck = 1220;
				LastUpgradeCheck = 1220;
				TargetAttributes = {
					18308F25256F87A6008C6FA7 = {
						CreatedOnToolsVersion = 12.2;
					};
				};
			};
			buildConfigurationList = 18308F21256F87A6008C6FA7 /* Build configuration list for PBXProject "Seyahatname" */;
			compatibilityVersion = "Xcode 9.3";
			developmentRegion = en;
			hasScannedForEncodings = 0;
			knownRegions = (
				en,
				Base,
			);
			mainGroup = 18308F1D256F87A6008C6FA7;
			productRefGroup = 18308F27256F87A6008C6FA7 /* Products */;
			projectDirPath = "";
			projectRoot = "";
			targets = (
				18308F25256F87A6008C6FA7 /* Seyahatname */,
			);
		};
/* End PBXProject section */

/* Begin PBXResourcesBuildPhase section */
		18308F24256F87A6008C6FA7 /* Resources */ = {
			isa = PBXResourcesBuildPhase;
			buildActionMask = 2147483647;
			files = (
				18308F36256F87A6008C6FA7 /* LaunchScreen.storyboard in Resources */,
				1855983D256F88A600C9E793 /* GoogleService-Info.plist in Resources */,
				18308F33256F87A6008C6FA7 /* Assets.xcassets in Resources */,
				18308F31256F87A6008C6FA7 /* Main.storyboard in Resources */,
			);
			runOnlyForDeploymentPostprocessing = 0;
		};
/* End PBXResourcesBuildPhase section */

/* Begin PBXShellScriptBuildPhase section */
		98557D746A4C239B271821D5 /* [CP] Check Pods Manifest.lock */ = {
			isa = PBXShellScriptBuildPhase;
			buildActionMask = 2147483647;
			files = (
			);
			inputFileListPaths = (
			);
			inputPaths = (
				"${PODS_PODFILE_DIR_PATH}/Podfile.lock",
				"${PODS_ROOT}/Manifest.lock",
			);
			name = "[CP] Check Pods Manifest.lock";
			outputFileListPaths = (
			);
			outputPaths = (
				"$(DERIVED_FILE_DIR)/Pods-Seyahatname-checkManifestLockResult.txt",
			);
			runOnlyForDeploymentPostprocessing = 0;
			shellPath = /bin/sh;
			shellScript = "diff \"${PODS_PODFILE_DIR_PATH}/Podfile.lock\" \"${PODS_ROOT}/Manifest.lock\" > /dev/null\nif [ $? != 0 ] ; then\n    # print error to STDERR\n    echo \"error: The sandbox is not in sync with the Podfile.lock. Run 'pod install' or update your CocoaPods installation.\" >&2\n    exit 1\nfi\n# This output is used by Xcode 'outputs' to avoid re-running this script phase.\necho \"SUCCESS\" > \"${SCRIPT_OUTPUT_FILE_0}\"\n";
			showEnvVarsInLog = 0;
		};
		A3F34691304CC2FF395A53C7 /* [CP] Embed Pods Frameworks */ = {
			isa = PBXShellScriptBuildPhase;
			buildActionMask = 2147483647;
			files = (
			);
			inputFileListPaths = (
				"${PODS_ROOT}/Target Support Files/Pods-Seyahatname/Pods-Seyahatname-frameworks-${CONFIGURATION}-input-files.xcfilelist",
			);
			name = "[CP] Embed Pods Frameworks";
			outputFileListPaths = (
				"${PODS_ROOT}/Target Support Files/Pods-Seyahatname/Pods-Seyahatname-frameworks-${CONFIGURATION}-output-files.xcfilelist",
			);
			runOnlyForDeploymentPostprocessing = 0;
			shellPath = /bin/sh;
			shellScript = "\"${PODS_ROOT}/Target Support Files/Pods-Seyahatname/Pods-Seyahatname-frameworks.sh\"\n";
			showEnvVarsInLog = 0;
		};
/* End PBXShellScriptBuildPhase section */

/* Begin PBXSourcesBuildPhase section */
		18308F22256F87A6008C6FA7 /* Sources */ = {
			isa = PBXSourcesBuildPhase;
			buildActionMask = 2147483647;
			files = (
				1867B65025781D0D00F91381 /* RegisterViewController.swift in Sources */,
				183A4CE7257805AF0087668F /* CustomTextField.swift in Sources */,
				183A4CF0257808320087668F /* UploadViewController.swift in Sources */,
				18308F2E256F87A6008C6FA7 /* LoginViewController.swift in Sources */,
				18308F2A256F87A6008C6FA7 /* AppDelegate.swift in Sources */,
				18308F2C256F87A6008C6FA7 /* SceneDelegate.swift in Sources */,
				183A4CE8257805AF0087668F /* CustomButton.swift in Sources */,
				183A4CED257808180087668F /* HomeViewController.swift in Sources */,
				183A4CF32578084A0087668F /* SettingsViewController.swift in Sources */,
			);
			runOnlyForDeploymentPostprocessing = 0;
		};
/* End PBXSourcesBuildPhase section */

/* Begin PBXVariantGroup section */
		18308F2F256F87A6008C6FA7 /* Main.storyboard */ = {
			isa = PBXVariantGroup;
			children = (
				18308F30256F87A6008C6FA7 /* Base */,
			);
			name = Main.storyboard;
			sourceTree = "<group>";
		};
		18308F34256F87A6008C6FA7 /* LaunchScreen.storyboard */ = {
			isa = PBXVariantGroup;
			children = (
				18308F35256F87A6008C6FA7 /* Base */,
			);
			name = LaunchScreen.storyboard;
			sourceTree = "<group>";
		};
/* End PBXVariantGroup section */

/* Begin XCBuildConfiguration section */
		18308F38256F87A6008C6FA7 /* Debug */ = {
			isa = XCBuildConfiguration;
			buildSettings = {
				ALWAYS_SEARCH_USER_PATHS = NO;
				CLANG_ANALYZER_NONNULL = YES;
				CLANG_ANALYZER_NUMBER_OBJECT_CONVERSION = YES_AGGRESSIVE;
				CLANG_CXX_LANGUAGE_STANDARD = "gnu++14";
				CLANG_CXX_LIBRARY = "libc++";
				CLANG_ENABLE_MODULES = YES;
				CLANG_ENABLE_OBJC_ARC = YES;
				CLANG_ENABLE_OBJC_WEAK = YES;
				CLANG_WARN_BLOCK_CAPTURE_AUTORELEASING = YES;
				CLANG_WARN_BOOL_CONVERSION = YES;
				CLANG_WARN_COMMA = YES;
				CLANG_WARN_CONSTANT_CONVERSION = YES;
				CLANG_WARN_DEPRECATED_OBJC_IMPLEMENTATIONS = YES;
				CLANG_WARN_DIRECT_OBJC_ISA_USAGE = YES_ERROR;
				CLANG_WARN_DOCUMENTATION_COMMENTS = YES;
				CLANG_WARN_EMPTY_BODY = YES;
				CLANG_WARN_ENUM_CONVERSION = YES;
				CLANG_WARN_INFINITE_RECURSION = YES;
				CLANG_WARN_INT_CONVERSION = YES;
				CLANG_WARN_NON_LITERAL_NULL_CONVERSION = YES;
				CLANG_WARN_OBJC_IMPLICIT_RETAIN_SELF = YES;
				CLANG_WARN_OBJC_LITERAL_CONVERSION = YES;
				CLANG_WARN_OBJC_ROOT_CLASS = YES_ERROR;
				CLANG_WARN_QUOTED_INCLUDE_IN_FRAMEWORK_HEADER = YES;
				CLANG_WARN_RANGE_LOOP_ANALYSIS = YES;
				CLANG_WARN_STRICT_PROTOTYPES = YES;
				CLANG_WARN_SUSPICIOUS_MOVE = YES;
				CLANG_WARN_UNGUARDED_AVAILABILITY = YES_AGGRESSIVE;
				CLANG_WARN_UNREACHABLE_CODE = YES;
				CLANG_WARN__DUPLICATE_METHOD_MATCH = YES;
				COPY_PHASE_STRIP = NO;
				DEBUG_INFORMATION_FORMAT = dwarf;
				ENABLE_STRICT_OBJC_MSGSEND = YES;
				ENABLE_TESTABILITY = YES;
				GCC_C_LANGUAGE_STANDARD = gnu11;
				GCC_DYNAMIC_NO_PIC = NO;
				GCC_NO_COMMON_BLOCKS = YES;
				GCC_OPTIMIZATION_LEVEL = 0;
				GCC_PREPROCESSOR_DEFINITIONS = (
					"DEBUG=1",
					"$(inherited)",
				);
				GCC_WARN_64_TO_32_BIT_CONVERSION = YES;
				GCC_WARN_ABOUT_RETURN_TYPE = YES_ERROR;
				GCC_WARN_UNDECLARED_SELECTOR = YES;
				GCC_WARN_UNINITIALIZED_AUTOS = YES_AGGRESSIVE;
				GCC_WARN_UNUSED_FUNCTION = YES;
				GCC_WARN_UNUSED_VARIABLE = YES;
				IPHONEOS_DEPLOYMENT_TARGET = 14.2;
				MTL_ENABLE_DEBUG_INFO = INCLUDE_SOURCE;
				MTL_FAST_MATH = YES;
				ONLY_ACTIVE_ARCH = YES;
				SDKROOT = iphoneos;
				SWIFT_ACTIVE_COMPILATION_CONDITIONS = DEBUG;
				SWIFT_OPTIMIZATION_LEVEL = "-Onone";
			};
			name = Debug;
		};
		18308F39256F87A6008C6FA7 /* Release */ = {
			isa = XCBuildConfiguration;
			buildSettings = {
				ALWAYS_SEARCH_USER_PATHS = NO;
				CLANG_ANALYZER_NONNULL = YES;
				CLANG_ANALYZER_NUMBER_OBJECT_CONVERSION = YES_AGGRESSIVE;
				CLANG_CXX_LANGUAGE_STANDARD = "gnu++14";
				CLANG_CXX_LIBRARY = "libc++";
				CLANG_ENABLE_MODULES = YES;
				CLANG_ENABLE_OBJC_ARC = YES;
				CLANG_ENABLE_OBJC_WEAK = YES;
				CLANG_WARN_BLOCK_CAPTURE_AUTORELEASING = YES;
				CLANG_WARN_BOOL_CONVERSION = YES;
				CLANG_WARN_COMMA = YES;
				CLANG_WARN_CONSTANT_CONVERSION = YES;
				CLANG_WARN_DEPRECATED_OBJC_IMPLEMENTATIONS = YES;
				CLANG_WARN_DIRECT_OBJC_ISA_USAGE = YES_ERROR;
				CLANG_WARN_DOCUMENTATION_COMMENTS = YES;
				CLANG_WARN_EMPTY_BODY = YES;
				CLANG_WARN_ENUM_CONVERSION = YES;
				CLANG_WARN_INFINITE_RECURSION = YES;
				CLANG_WARN_INT_CONVERSION = YES;
				CLANG_WARN_NON_LITERAL_NULL_CONVERSION = YES;
				CLANG_WARN_OBJC_IMPLICIT_RETAIN_SELF = YES;
				CLANG_WARN_OBJC_LITERAL_CONVERSION = YES;
				CLANG_WARN_OBJC_ROOT_CLASS = YES_ERROR;
				CLANG_WARN_QUOTED_INCLUDE_IN_FRAMEWORK_HEADER = YES;
				CLANG_WARN_RANGE_LOOP_ANALYSIS = YES;
				CLANG_WARN_STRICT_PROTOTYPES = YES;
				CLANG_WARN_SUSPICIOUS_MOVE = YES;
				CLANG_WARN_UNGUARDED_AVAILABILITY = YES_AGGRESSIVE;
				CLANG_WARN_UNREACHABLE_CODE = YES;
				CLANG_WARN__DUPLICATE_METHOD_MATCH = YES;
				COPY_PHASE_STRIP = NO;
				DEBUG_INFORMATION_FORMAT = "dwarf-with-dsym";
				ENABLE_NS_ASSERTIONS = NO;
				ENABLE_STRICT_OBJC_MSGSEND = YES;
				GCC_C_LANGUAGE_STANDARD = gnu11;
				GCC_NO_COMMON_BLOCKS = YES;
				GCC_WARN_64_TO_32_BIT_CONVERSION = YES;
				GCC_WARN_ABOUT_RETURN_TYPE = YES_ERROR;
				GCC_WARN_UNDECLARED_SELECTOR = YES;
				GCC_WARN_UNINITIALIZED_AUTOS = YES_AGGRESSIVE;
				GCC_WARN_UNUSED_FUNCTION = YES;
				GCC_WARN_UNUSED_VARIABLE = YES;
				IPHONEOS_DEPLOYMENT_TARGET = 14.2;
				MTL_ENABLE_DEBUG_INFO = NO;
				MTL_FAST_MATH = YES;
				SDKROOT = iphoneos;
				SWIFT_COMPILATION_MODE = wholemodule;
				SWIFT_OPTIMIZATION_LEVEL = "-O";
				VALIDATE_PRODUCT = YES;
			};
			name = Release;
		};
		18308F3B256F87A6008C6FA7 /* Debug */ = {
			isa = XCBuildConfiguration;
			baseConfigurationReference = 74019897E8182E529FBC1515 /* Pods-Seyahatname.debug.xcconfig */;
			buildSettings = {
				ASSETCATALOG_COMPILER_APPICON_NAME = AppIcon;
				ASSETCATALOG_COMPILER_GLOBAL_ACCENT_COLOR_NAME = AccentColor;
				CODE_SIGN_STYLE = Automatic;
				DEVELOPMENT_TEAM = ND89L5NU36;
				INFOPLIST_FILE = Seyahatname/Info.plist;
				LD_RUNPATH_SEARCH_PATHS = (
					"$(inherited)",
					"@executable_path/Frameworks",
				);
				PRODUCT_BUNDLE_IDENTIFIER = com.ardanucakar.Seyahatname;
				PRODUCT_NAME = "$(TARGET_NAME)";
				SWIFT_VERSION = 5.0;
				TARGETED_DEVICE_FAMILY = "1,2";
			};
			name = Debug;
		};
		18308F3C256F87A6008C6FA7 /* Release */ = {
			isa = XCBuildConfiguration;
			baseConfigurationReference = D18CC328C86B778171F0C357 /* Pods-Seyahatname.release.xcconfig */;
			buildSettings = {
				ASSETCATALOG_COMPILER_APPICON_NAME = AppIcon;
				ASSETCATALOG_COMPILER_GLOBAL_ACCENT_COLOR_NAME = AccentColor;
				CODE_SIGN_STYLE = Automatic;
				DEVELOPMENT_TEAM = ND89L5NU36;
				INFOPLIST_FILE = Seyahatname/Info.plist;
				LD_RUNPATH_SEARCH_PATHS = (
					"$(inherited)",
					"@executable_path/Frameworks",
				);
				PRODUCT_BUNDLE_IDENTIFIER = com.ardanucakar.Seyahatname;
				PRODUCT_NAME = "$(TARGET_NAME)";
				SWIFT_VERSION = 5.0;
				TARGETED_DEVICE_FAMILY = "1,2";
			};
			name = Release;
		};
/* End XCBuildConfiguration section */

/* Begin XCConfigurationList section */
		18308F21256F87A6008C6FA7 /* Build configuration list for PBXProject "Seyahatname" */ = {
			isa = XCConfigurationList;
			buildConfigurations = (
				18308F38256F87A6008C6FA7 /* Debug */,
				18308F39256F87A6008C6FA7 /* Release */,
			);
			defaultConfigurationIsVisible = 0;
			defaultConfigurationName = Release;
		};
		18308F3A256F87A6008C6FA7 /* Build configuration list for PBXNativeTarget "Seyahatname" */ = {
			isa = XCConfigurationList;
			buildConfigurations = (
				18308F3B256F87A6008C6FA7 /* Debug */,
				18308F3C256F87A6008C6FA7 /* Release */,
			);
			defaultConfigurationIsVisible = 0;
			defaultConfigurationName = Release;
		};
/* End XCConfigurationList section */
	};
	rootObject = 18308F1E256F87A6008C6FA7 /* Project object */;
}
